// !$*UTF8*$!
{
	archiveVersion = 1;
	classes = {
	};
	objectVersion = 56;
	objects = {

/* Begin PBXBuildFile section */
		81508A62295D5D4B00098B58 /* DateButton.swift in Sources */ = {isa = PBXBuildFile; fileRef = 81508A61295D5D4B00098B58 /* DateButton.swift */; };
		8188A49B295C8CBB00DA2D94 /* ColorNoteApp.swift in Sources */ = {isa = PBXBuildFile; fileRef = 8188A49A295C8CBB00DA2D94 /* ColorNoteApp.swift */; };
		8188A49D295C8CBB00DA2D94 /* ContentView.swift in Sources */ = {isa = PBXBuildFile; fileRef = 8188A49C295C8CBB00DA2D94 /* ContentView.swift */; };
		8188A49F295C8CBC00DA2D94 /* Assets.xcassets in Resources */ = {isa = PBXBuildFile; fileRef = 8188A49E295C8CBC00DA2D94 /* Assets.xcassets */; };
		8188A4A2295C8CBC00DA2D94 /* Preview Assets.xcassets in Resources */ = {isa = PBXBuildFile; fileRef = 8188A4A1295C8CBC00DA2D94 /* Preview Assets.xcassets */; };
		8188A4A4295C8CBC00DA2D94 /* Persistence.swift in Sources */ = {isa = PBXBuildFile; fileRef = 8188A4A3295C8CBC00DA2D94 /* Persistence.swift */; };
		8188A4A7295C8CBC00DA2D94 /* ColorNote.xcdatamodeld in Sources */ = {isa = PBXBuildFile; fileRef = 8188A4A5295C8CBC00DA2D94 /* ColorNote.xcdatamodeld */; };
		8188A4B2295C8E9B00DA2D94 /* HomeView.swift in Sources */ = {isa = PBXBuildFile; fileRef = 8188A4B1295C8E9B00DA2D94 /* HomeView.swift */; };
		8188A4B5295C8F6100DA2D94 /* ViewExtention.swift in Sources */ = {isa = PBXBuildFile; fileRef = 8188A4B4295C8F6100DA2D94 /* ViewExtention.swift */; };
		8188A4B9295C968000DA2D94 /* NoteModel.swift in Sources */ = {isa = PBXBuildFile; fileRef = 8188A4B8295C968000DA2D94 /* NoteModel.swift */; };
		8188A4BD295CA0BC00DA2D94 /* Card.swift in Sources */ = {isa = PBXBuildFile; fileRef = 8188A4BC295CA0BC00DA2D94 /* Card.swift */; };
		8188A4C1295CA4A400DA2D94 /* ButtonLabel.swift in Sources */ = {isa = PBXBuildFile; fileRef = 8188A4C0295CA4A400DA2D94 /* ButtonLabel.swift */; };
		8188A4C3295CA8F800DA2D94 /* NoteViewModel.swift in Sources */ = {isa = PBXBuildFile; fileRef = 8188A4C2295CA8F800DA2D94 /* NoteViewModel.swift */; };
		8188A4C5295CAA6E00DA2D94 /* NewDataView.swift in Sources */ = {isa = PBXBuildFile; fileRef = 8188A4C4295CAA6E00DA2D94 /* NewDataView.swift */; };
/* End PBXBuildFile section */

/* Begin PBXFileReference section */
		81508A61295D5D4B00098B58 /* DateButton.swift */ = {isa = PBXFileReference; lastKnownFileType = sourcecode.swift; path = DateButton.swift; sourceTree = "<group>"; };
		8188A497295C8CBB00DA2D94 /* ColorNote.app */ = {isa = PBXFileReference; explicitFileType = wrapper.application; includeInIndex = 0; path = ColorNote.app; sourceTree = BUILT_PRODUCTS_DIR; };
		8188A49A295C8CBB00DA2D94 /* ColorNoteApp.swift */ = {isa = PBXFileReference; lastKnownFileType = sourcecode.swift; path = ColorNoteApp.swift; sourceTree = "<group>"; };
		8188A49C295C8CBB00DA2D94 /* ContentView.swift */ = {isa = PBXFileReference; lastKnownFileType = sourcecode.swift; path = ContentView.swift; sourceTree = "<group>"; };
		8188A49E295C8CBC00DA2D94 /* Assets.xcassets */ = {isa = PBXFileReference; lastKnownFileType = folder.assetcatalog; path = Assets.xcassets; sourceTree = "<group>"; };
		8188A4A1295C8CBC00DA2D94 /* Preview Assets.xcassets */ = {isa = PBXFileReference; lastKnownFileType = folder.assetcatalog; path = "Preview Assets.xcassets"; sourceTree = "<group>"; };
		8188A4A3295C8CBC00DA2D94 /* Persistence.swift */ = {isa = PBXFileReference; lastKnownFileType = sourcecode.swift; path = Persistence.swift; sourceTree = "<group>"; };
		8188A4A6295C8CBC00DA2D94 /* ColorNote.xcdatamodel */ = {isa = PBXFileReference; lastKnownFileType = wrapper.xcdatamodel; path = ColorNote.xcdatamodel; sourceTree = "<group>"; };
		8188A4B1295C8E9B00DA2D94 /* HomeView.swift */ = {isa = PBXFileReference; lastKnownFileType = sourcecode.swift; path = HomeView.swift; sourceTree = "<group>"; };
		8188A4B4295C8F6100DA2D94 /* ViewExtention.swift */ = {isa = PBXFileReference; lastKnownFileType = sourcecode.swift; path = ViewExtention.swift; sourceTree = "<group>"; };
		8188A4B8295C968000DA2D94 /* NoteModel.swift */ = {isa = PBXFileReference; lastKnownFileType = sourcecode.swift; path = NoteModel.swift; sourceTree = "<group>"; };
		8188A4BC295CA0BC00DA2D94 /* Card.swift */ = {isa = PBXFileReference; lastKnownFileType = sourcecode.swift; path = Card.swift; sourceTree = "<group>"; };
		8188A4C0295CA4A400DA2D94 /* ButtonLabel.swift */ = {isa = PBXFileReference; lastKnownFileType = sourcecode.swift; path = ButtonLabel.swift; sourceTree = "<group>"; };
		8188A4C2295CA8F800DA2D94 /* NoteViewModel.swift */ = {isa = PBXFileReference; lastKnownFileType = sourcecode.swift; path = NoteViewModel.swift; sourceTree = "<group>"; };
		8188A4C4295CAA6E00DA2D94 /* NewDataView.swift */ = {isa = PBXFileReference; lastKnownFileType = sourcecode.swift; path = NewDataView.swift; sourceTree = "<group>"; };
/* End PBXFileReference section */

/* Begin PBXFrameworksBuildPhase section */
		8188A494295C8CBB00DA2D94 /* Frameworks */ = {
			isa = PBXFrameworksBuildPhase;
			buildActionMask = 2147483647;
			files = (
			);
			runOnlyForDeploymentPostprocessing = 0;
		};
/* End PBXFrameworksBuildPhase section */

/* Begin PBXGroup section */
		81508A60295D5D3800098B58 /* Components */ = {
			isa = PBXGroup;
			children = (
				8188A4C0295CA4A400DA2D94 /* ButtonLabel.swift */,
				81508A61295D5D4B00098B58 /* DateButton.swift */,
			);
			path = Components;
			sourceTree = "<group>";
		};
		8188A48E295C8CBB00DA2D94 = {
			isa = PBXGroup;
			children = (
				8188A499295C8CBB00DA2D94 /* ColorNote */,
				8188A498295C8CBB00DA2D94 /* Products */,
			);
			sourceTree = "<group>";
		};
		8188A498295C8CBB00DA2D94 /* Products */ = {
			isa = PBXGroup;
			children = (
				8188A497295C8CBB00DA2D94 /* ColorNote.app */,
			);
			name = Products;
			sourceTree = "<group>";
		};
		8188A499295C8CBB00DA2D94 /* ColorNote */ = {
			isa = PBXGroup;
			children = (
				8188A4AD295C8E5B00DA2D94 /* APP */,
				8188A4B7295C967400DA2D94 /* Model */,
				8188A4B6295C966400DA2D94 /* ViewModel */,
				8188A4AE295C8E6800DA2D94 /* View */,
				8188A4B3295C8F4800DA2D94 /* Extention */,
				8188A49E295C8CBC00DA2D94 /* Assets.xcassets */,
				8188A4A3295C8CBC00DA2D94 /* Persistence.swift */,
				8188A4A5295C8CBC00DA2D94 /* ColorNote.xcdatamodeld */,
				8188A4A0295C8CBC00DA2D94 /* Preview Content */,
			);
			path = ColorNote;
			sourceTree = "<group>";
		};
		8188A4A0295C8CBC00DA2D94 /* Preview Content */ = {
			isa = PBXGroup;
			children = (
				8188A4A1295C8CBC00DA2D94 /* Preview Assets.xcassets */,
			);
			path = "Preview Content";
			sourceTree = "<group>";
		};
		8188A4AD295C8E5B00DA2D94 /* APP */ = {
			isa = PBXGroup;
			children = (
				8188A49A295C8CBB00DA2D94 /* ColorNoteApp.swift */,
				8188A49C295C8CBB00DA2D94 /* ContentView.swift */,
			);
			path = APP;
			sourceTree = "<group>";
		};
		8188A4AE295C8E6800DA2D94 /* View */ = {
			isa = PBXGroup;
			children = (
				81508A60295D5D3800098B58 /* Components */,
				8188A4B1295C8E9B00DA2D94 /* HomeView.swift */,
				8188A4BC295CA0BC00DA2D94 /* Card.swift */,
				8188A4C4295CAA6E00DA2D94 /* NewDataView.swift */,
			);
			path = View;
			sourceTree = "<group>";
		};
		8188A4B3295C8F4800DA2D94 /* Extention */ = {
			isa = PBXGroup;
			children = (
				8188A4B4295C8F6100DA2D94 /* ViewExtention.swift */,
			);
			path = Extention;
			sourceTree = "<group>";
		};
		8188A4B6295C966400DA2D94 /* ViewModel */ = {
			isa = PBXGroup;
			children = (
				8188A4C2295CA8F800DA2D94 /* NoteViewModel.swift */,
			);
			path = ViewModel;
			sourceTree = "<group>";
		};
		8188A4B7295C967400DA2D94 /* Model */ = {
			isa = PBXGroup;
			children = (
				8188A4B8295C968000DA2D94 /* NoteModel.swift */,
			);
			path = Model;
			sourceTree = "<group>";
		};
/* End PBXGroup section */

/* Begin PBXNativeTarget section */
		8188A496295C8CBB00DA2D94 /* ColorNote */ = {
			isa = PBXNativeTarget;
			buildConfigurationList = 8188A4AA295C8CBC00DA2D94 /* Build configuration list for PBXNativeTarget "ColorNote" */;
			buildPhases = (
				8188A493295C8CBB00DA2D94 /* Sources */,
				8188A494295C8CBB00DA2D94 /* Frameworks */,
				8188A495295C8CBB00DA2D94 /* Resources */,
			);
			buildRules = (
			);
			dependencies = (
			);
			name = ColorNote;
			productName = ColorNote;
			productReference = 8188A497295C8CBB00DA2D94 /* ColorNote.app */;
			productType = "com.apple.product-type.application";
		};
/* End PBXNativeTarget section */

/* Begin PBXProject section */
		8188A48F295C8CBB00DA2D94 /* Project object */ = {
			isa = PBXProject;
			attributes = {
				BuildIndependentTargetsInParallel = 1;
				LastSwiftUpdateCheck = 1400;
				LastUpgradeCheck = 1400;
				TargetAttributes = {
					8188A496295C8CBB00DA2D94 = {
						CreatedOnToolsVersion = 14.0.1;
					};
				};
			};
			buildConfigurationList = 8188A492295C8CBB00DA2D94 /* Build configuration list for PBXProject "ColorNote" */;
			compatibilityVersion = "Xcode 14.0";
			developmentRegion = en;
			hasScannedForEncodings = 0;
			knownRegions = (
				en,
				Base,
			);
			mainGroup = 8188A48E295C8CBB00DA2D94;
			productRefGroup = 8188A498295C8CBB00DA2D94 /* Products */;
			projectDirPath = "";
			projectRoot = "";
			targets = (
				8188A496295C8CBB00DA2D94 /* ColorNote */,
			);
		};
/* End PBXProject section */

/* Begin PBXResourcesBuildPhase section */
		8188A495295C8CBB00DA2D94 /* Resources */ = {
			isa = PBXResourcesBuildPhase;
			buildActionMask = 2147483647;
			files = (
				8188A4A2295C8CBC00DA2D94 /* Preview Assets.xcassets in Resources */,
				8188A49F295C8CBC00DA2D94 /* Assets.xcassets in Resources */,
			);
			runOnlyForDeploymentPostprocessing = 0;
		};
/* End PBXResourcesBuildPhase section */

/* Begin PBXSourcesBuildPhase section */
		8188A493295C8CBB00DA2D94 /* Sources */ = {
			isa = PBXSourcesBuildPhase;
			buildActionMask = 2147483647;
			files = (
				8188A4C3295CA8F800DA2D94 /* NoteViewModel.swift in Sources */,
				8188A4C1295CA4A400DA2D94 /* ButtonLabel.swift in Sources */,
				8188A4A4295C8CBC00DA2D94 /* Persistence.swift in Sources */,
				8188A49D295C8CBB00DA2D94 /* ContentView.swift in Sources */,
				8188A49B295C8CBB00DA2D94 /* ColorNoteApp.swift in Sources */,
				81508A62295D5D4B00098B58 /* DateButton.swift in Sources */,
				8188A4B9295C968000DA2D94 /* NoteModel.swift in Sources */,
				8188A4B5295C8F6100DA2D94 /* ViewExtention.swift in Sources */,
				8188A4B2295C8E9B00DA2D94 /* HomeView.swift in Sources */,
				8188A4A7295C8CBC00DA2D94 /* ColorNote.xcdatamodeld in Sources */,
				8188A4C5295CAA6E00DA2D94 /* NewDataView.swift in Sources */,
				8188A4BD295CA0BC00DA2D94 /* Card.swift in Sources */,
			);
			runOnlyForDeploymentPostprocessing = 0;
		};
/* End PBXSourcesBuildPhase section */

/* Begin XCBuildConfiguration section */
		8188A4A8295C8CBC00DA2D94 /* Debug */ = {
			isa = XCBuildConfiguration;
			buildSettings = {
				ALWAYS_SEARCH_USER_PATHS = NO;
				CLANG_ANALYZER_NONNULL = YES;
				CLANG_ANALYZER_NUMBER_OBJECT_CONVERSION = YES_AGGRESSIVE;
				CLANG_CXX_LANGUAGE_STANDARD = "gnu++20";
				CLANG_ENABLE_MODULES = YES;
				CLANG_ENABLE_OBJC_ARC = YES;
				CLANG_ENABLE_OBJC_WEAK = YES;
				CLANG_WARN_BLOCK_CAPTURE_AUTORELEASING = YES;
				CLANG_WARN_BOOL_CONVERSION = YES;
				CLANG_WARN_COMMA = YES;
				CLANG_WARN_CONSTANT_CONVERSION = YES;
				CLANG_WARN_DEPRECATED_OBJC_IMPLEMENTATIONS = YES;
				CLANG_WARN_DIRECT_OBJC_ISA_USAGE = YES_ERROR;
				CLANG_WARN_DOCUMENTATION_COMMENTS = YES;
				CLANG_WARN_EMPTY_BODY = YES;
				CLANG_WARN_ENUM_CONVERSION = YES;
				CLANG_WARN_INFINITE_RECURSION = YES;
				CLANG_WARN_INT_CONVERSION = YES;
				CLANG_WARN_NON_LITERAL_NULL_CONVERSION = YES;
				CLANG_WARN_OBJC_IMPLICIT_RETAIN_SELF = YES;
				CLANG_WARN_OBJC_LITERAL_CONVERSION = YES;
				CLANG_WARN_OBJC_ROOT_CLASS = YES_ERROR;
				CLANG_WARN_QUOTED_INCLUDE_IN_FRAMEWORK_HEADER = YES;
				CLANG_WARN_RANGE_LOOP_ANALYSIS = YES;
				CLANG_WARN_STRICT_PROTOTYPES = YES;
				CLANG_WARN_SUSPICIOUS_MOVE = YES;
				CLANG_WARN_UNGUARDED_AVAILABILITY = YES_AGGRESSIVE;
				CLANG_WARN_UNREACHABLE_CODE = YES;
				CLANG_WARN__DUPLICATE_METHOD_MATCH = YES;
				COPY_PHASE_STRIP = NO;
				DEBUG_INFORMATION_FORMAT = dwarf;
				ENABLE_STRICT_OBJC_MSGSEND = YES;
				ENABLE_TESTABILITY = YES;
				GCC_C_LANGUAGE_STANDARD = gnu11;
				GCC_DYNAMIC_NO_PIC = NO;
				GCC_NO_COMMON_BLOCKS = YES;
				GCC_OPTIMIZATION_LEVEL = 0;
				GCC_PREPROCESSOR_DEFINITIONS = (
					"DEBUG=1",
					"$(inherited)",
				);
				GCC_WARN_64_TO_32_BIT_CONVERSION = YES;
				GCC_WARN_ABOUT_RETURN_TYPE = YES_ERROR;
				GCC_WARN_UNDECLARED_SELECTOR = YES;
				GCC_WARN_UNINITIALIZED_AUTOS = YES_AGGRESSIVE;
				GCC_WARN_UNUSED_FUNCTION = YES;
				GCC_WARN_UNUSED_VARIABLE = YES;
				IPHONEOS_DEPLOYMENT_TARGET = 16.0;
				MTL_ENABLE_DEBUG_INFO = INCLUDE_SOURCE;
				MTL_FAST_MATH = YES;
				ONLY_ACTIVE_ARCH = YES;
				SDKROOT = iphoneos;
				SWIFT_ACTIVE_COMPILATION_CONDITIONS = DEBUG;
				SWIFT_OPTIMIZATION_LEVEL = "-Onone";
			};
			name = Debug;
		};
		8188A4A9295C8CBC00DA2D94 /* Release */ = {
			isa = XCBuildConfiguration;
			buildSettings = {
				ALWAYS_SEARCH_USER_PATHS = NO;
				CLANG_ANALYZER_NONNULL = YES;
				CLANG_ANALYZER_NUMBER_OBJECT_CONVERSION = YES_AGGRESSIVE;
				CLANG_CXX_LANGUAGE_STANDARD = "gnu++20";
				CLANG_ENABLE_MODULES = YES;
				CLANG_ENABLE_OBJC_ARC = YES;
				CLANG_ENABLE_OBJC_WEAK = YES;
				CLANG_WARN_BLOCK_CAPTURE_AUTORELEASING = YES;
				CLANG_WARN_BOOL_CONVERSION = YES;
				CLANG_WARN_COMMA = YES;
				CLANG_WARN_CONSTANT_CONVERSION = YES;
				CLANG_WARN_DEPRECATED_OBJC_IMPLEMENTATIONS = YES;
				CLANG_WARN_DIRECT_OBJC_ISA_USAGE = YES_ERROR;
				CLANG_WARN_DOCUMENTATION_COMMENTS = YES;
				CLANG_WARN_EMPTY_BODY = YES;
				CLANG_WARN_ENUM_CONVERSION = YES;
				CLANG_WARN_INFINITE_RECURSION = YES;
				CLANG_WARN_INT_CONVERSION = YES;
				CLANG_WARN_NON_LITERAL_NULL_CONVERSION = YES;
				CLANG_WARN_OBJC_IMPLICIT_RETAIN_SELF = YES;
				CLANG_WARN_OBJC_LITERAL_CONVERSION = YES;
				CLANG_WARN_OBJC_ROOT_CLASS = YES_ERROR;
				CLANG_WARN_QUOTED_INCLUDE_IN_FRAMEWORK_HEADER = YES;
				CLANG_WARN_RANGE_LOOP_ANALYSIS = YES;
				CLANG_WARN_STRICT_PROTOTYPES = YES;
				CLANG_WARN_SUSPICIOUS_MOVE = YES;
				CLANG_WARN_UNGUARDED_AVAILABILITY = YES_AGGRESSIVE;
				CLANG_WARN_UNREACHABLE_CODE = YES;
				CLANG_WARN__DUPLICATE_METHOD_MATCH = YES;
				COPY_PHASE_STRIP = NO;
				DEBUG_INFORMATION_FORMAT = "dwarf-with-dsym";
				ENABLE_NS_ASSERTIONS = NO;
				ENABLE_STRICT_OBJC_MSGSEND = YES;
				GCC_C_LANGUAGE_STANDARD = gnu11;
				GCC_NO_COMMON_BLOCKS = YES;
				GCC_WARN_64_TO_32_BIT_CONVERSION = YES;
				GCC_WARN_ABOUT_RETURN_TYPE = YES_ERROR;
				GCC_WARN_UNDECLARED_SELECTOR = YES;
				GCC_WARN_UNINITIALIZED_AUTOS = YES_AGGRESSIVE;
				GCC_WARN_UNUSED_FUNCTION = YES;
				GCC_WARN_UNUSED_VARIABLE = YES;
				IPHONEOS_DEPLOYMENT_TARGET = 16.0;
				MTL_ENABLE_DEBUG_INFO = NO;
				MTL_FAST_MATH = YES;
				SDKROOT = iphoneos;
				SWIFT_COMPILATION_MODE = wholemodule;
				SWIFT_OPTIMIZATION_LEVEL = "-O";
				VALIDATE_PRODUCT = YES;
			};
			name = Release;
		};
		8188A4AB295C8CBC00DA2D94 /* Debug */ = {
			isa = XCBuildConfiguration;
			buildSettings = {
				ASSETCATALOG_COMPILER_APPICON_NAME = AppIcon;
				ASSETCATALOG_COMPILER_GLOBAL_ACCENT_COLOR_NAME = AccentColor;
				CODE_SIGN_STYLE = Automatic;
				CURRENT_PROJECT_VERSION = 1;
				DEVELOPMENT_ASSET_PATHS = "\"ColorNote/Preview Content\"";
				DEVELOPMENT_TEAM = M63L6X73D4;
				ENABLE_PREVIEWS = YES;
				GENERATE_INFOPLIST_FILE = YES;
				INFOPLIST_KEY_UIApplicationSceneManifest_Generation = YES;
				INFOPLIST_KEY_UIApplicationSupportsIndirectInputEvents = YES;
				INFOPLIST_KEY_UILaunchScreen_Generation = YES;
				INFOPLIST_KEY_UISupportedInterfaceOrientations_iPad = "UIInterfaceOrientationPortrait UIInterfaceOrientationPortraitUpsideDown UIInterfaceOrientationLandscapeLeft UIInterfaceOrientationLandscapeRight";
				INFOPLIST_KEY_UISupportedInterfaceOrientations_iPhone = "UIInterfaceOrientationPortrait UIInterfaceOrientationLandscapeLeft UIInterfaceOrientationLandscapeRight";
				LD_RUNPATH_SEARCH_PATHS = (
					"$(inherited)",
					"@executable_path/Frameworks",
				);
				MARKETING_VERSION = 1.0;
				PRODUCT_BUNDLE_IDENTIFIER = info.jacobko.ColorNote;
				PRODUCT_NAME = "$(TARGET_NAME)";
				SWIFT_EMIT_LOC_STRINGS = YES;
				SWIFT_VERSION = 5.0;
				TARGETED_DEVICE_FAMILY = "1,2";
			};
			name = Debug;
		};
		8188A4AC295C8CBC00DA2D94 /* Release */ = {
			isa = XCBuildConfiguration;
			buildSettings = {
				ASSETCATALOG_COMPILER_APPICON_NAME = AppIcon;
				ASSETCATALOG_COMPILER_GLOBAL_ACCENT_COLOR_NAME = AccentColor;
				CODE_SIGN_STYLE = Automatic;
				CURRENT_PROJECT_VERSION = 1;
				DEVELOPMENT_ASSET_PATHS = "\"ColorNote/Preview Content\"";
				DEVELOPMENT_TEAM = M63L6X73D4;
				ENABLE_PREVIEWS = YES;
				GENERATE_INFOPLIST_FILE = YES;
				INFOPLIST_KEY_UIApplicationSceneManifest_Generation = YES;
				INFOPLIST_KEY_UIApplicationSupportsIndirectInputEvents = YES;
				INFOPLIST_KEY_UILaunchScreen_Generation = YES;
				INFOPLIST_KEY_UISupportedInterfaceOrientations_iPad = "UIInterfaceOrientationPortrait UIInterfaceOrientationPortraitUpsideDown UIInterfaceOrientationLandscapeLeft UIInterfaceOrientationLandscapeRight";
				INFOPLIST_KEY_UISupportedInterfaceOrientations_iPhone = "UIInterfaceOrientationPortrait UIInterfaceOrientationLandscapeLeft UIInterfaceOrientationLandscapeRight";
				LD_RUNPATH_SEARCH_PATHS = (
					"$(inherited)",
					"@executable_path/Frameworks",
				);
				MARKETING_VERSION = 1.0;
				PRODUCT_BUNDLE_IDENTIFIER = info.jacobko.ColorNote;
				PRODUCT_NAME = "$(TARGET_NAME)";
				SWIFT_EMIT_LOC_STRINGS = YES;
				SWIFT_VERSION = 5.0;
				TARGETED_DEVICE_FAMILY = "1,2";
			};
			name = Release;
		};
/* End XCBuildConfiguration section */

/* Begin XCConfigurationList section */
		8188A492295C8CBB00DA2D94 /* Build configuration list for PBXProject "ColorNote" */ = {
			isa = XCConfigurationList;
			buildConfigurations = (
				8188A4A8295C8CBC00DA2D94 /* Debug */,
				8188A4A9295C8CBC00DA2D94 /* Release */,
			);
			defaultConfigurationIsVisible = 0;
			defaultConfigurationName = Release;
		};
		8188A4AA295C8CBC00DA2D94 /* Build configuration list for PBXNativeTarget "ColorNote" */ = {
			isa = XCConfigurationList;
			buildConfigurations = (
				8188A4AB295C8CBC00DA2D94 /* Debug */,
				8188A4AC295C8CBC00DA2D94 /* Release */,
			);
			defaultConfigurationIsVisible = 0;
			defaultConfigurationName = Release;
		};
/* End XCConfigurationList section */

/* Begin XCVersionGroup section */
		8188A4A5295C8CBC00DA2D94 /* ColorNote.xcdatamodeld */ = {
			isa = XCVersionGroup;
			children = (
				8188A4A6295C8CBC00DA2D94 /* ColorNote.xcdatamodel */,
			);
			currentVersion = 8188A4A6295C8CBC00DA2D94 /* ColorNote.xcdatamodel */;
			path = ColorNote.xcdatamodeld;
			sourceTree = "<group>";
			versionGroupType = wrapper.xcdatamodel;
		};
/* End XCVersionGroup section */
	};
	rootObject = 8188A48F295C8CBB00DA2D94 /* Project object */;
}
